
Microsoft Visual Studio Solution File, Format Version 12.00
# Visual Studio Version 17
VisualStudioVersion = 17.13.35825.156 d17.13
MinimumVisualStudioVersion = 10.0.40219.1
Project("{FAE04EC0-301F-11D3-BF4B-00C04F79EFBC}") = "juliano_trabalho", "juliano_trabalho\juliano_trabalho.csproj", "{CBE48AF1-32E0-4E38-839A-1298239A5205}"
EndProject
Global
	GlobalSection(SolutionConfigurationPlatforms) = preSolution
		Debug|Any CPU = Debug|Any CPU
		Release|Any CPU = Release|Any CPU
	EndGlobalSection
	GlobalSection(ProjectConfigurationPlatforms) = postSolution
		{CBE48AF1-32E0-4E38-839A-1298239A5205}.Debug|Any CPU.ActiveCfg = Debug|Any CPU
		{CBE48AF1-32E0-4E38-839A-1298239A5205}.Debug|Any CPU.Build.0 = Debug|Any CPU
		{CBE48AF1-32E0-4E38-839A-1298239A5205}.Release|Any CPU.ActiveCfg = Release|Any CPU
		{CBE48AF1-32E0-4E38-839A-1298239A5205}.Release|Any CPU.Build.0 = Release|Any CPU
	EndGlobalSection
	GlobalSection(SolutionProperties) = preSolution
		HideSolutionNode = FALSE
	EndGlobalSection
	GlobalSection(ExtensibilityGlobals) = postSolution
		SolutionGuid = {D3AE6292-FE92-47EC-8612-1B8B61745B26}
	EndGlobalSection
EndGlobal
